
Microsoft Visual Studio Solution File, Format Version 12.00
# Visual Studio Version 16
VisualStudioVersion = 16.0.29102.190
MinimumVisualStudioVersion = 10.0.40219.1
Project("{8BC9CEB8-8B4A-11D0-8D11-00A0C91BC942}") = "keshe2", "keshe2\keshe2.vcxproj", "{BA15AFC6-99F8-4D87-8DB5-5386A2C12524}"
EndProject
Global
	GlobalSection(SolutionConfigurationPlatforms) = preSolution
		Debug|x64 = Debug|x64
		Debug|x86 = Debug|x86
		Release|x64 = Release|x64
		Release|x86 = Release|x86
	EndGlobalSection
	GlobalSection(ProjectConfigurationPlatforms) = postSolution
		{BA15AFC6-99F8-4D87-8DB5-5386A2C12524}.Debug|x64.ActiveCfg = Debug|x64
		{BA15AFC6-99F8-4D87-8DB5-5386A2C12524}.Debug|x64.Build.0 = Debug|x64
		{BA15AFC6-99F8-4D87-8DB5-5386A2C12524}.Debug|x86.ActiveCfg = Debug|Win32
		{BA15AFC6-99F8-4D87-8DB5-5386A2C12524}.Debug|x86.Build.0 = Debug|Win32
		{BA15AFC6-99F8-4D87-8DB5-5386A2C12524}.Release|x64.ActiveCfg = Release|x64
		{BA15AFC6-99F8-4D87-8DB5-5386A2C12524}.Release|x64.Build.0 = Release|x64
		{BA15AFC6-99F8-4D87-8DB5-5386A2C12524}.Release|x86.ActiveCfg = Release|Win32
		{BA15AFC6-99F8-4D87-8DB5-5386A2C12524}.Release|x86.Build.0 = Release|Win32
	EndGlobalSection
	GlobalSection(SolutionProperties) = preSolution
		HideSolutionNode = FALSE
	EndGlobalSection
	GlobalSection(ExtensibilityGlobals) = postSolution
		SolutionGuid = {157C97CA-5FB0-47F8-A6CE-0BF189D68E8E}
	EndGlobalSection
EndGlobal
