
Microsoft Visual Studio Solution File, Format Version 12.00
# Visual Studio Version 16
VisualStudioVersion = 16.0.29102.190
MinimumVisualStudioVersion = 10.0.40219.1
Project("{8BC9CEB8-8B4A-11D0-8D11-00A0C91BC942}") = "keshe", "keshe\keshe.vcxproj", "{623EB8C1-F7BE-47CD-B201-AE074AC7FF0D}"
EndProject
Global
	GlobalSection(SolutionConfigurationPlatforms) = preSolution
		Debug|x64 = Debug|x64
		Debug|x86 = Debug|x86
		Release|x64 = Release|x64
		Release|x86 = Release|x86
	EndGlobalSection
	GlobalSection(ProjectConfigurationPlatforms) = postSolution
		{623EB8C1-F7BE-47CD-B201-AE074AC7FF0D}.Debug|x64.ActiveCfg = Debug|x64
		{623EB8C1-F7BE-47CD-B201-AE074AC7FF0D}.Debug|x64.Build.0 = Debug|x64
		{623EB8C1-F7BE-47CD-B201-AE074AC7FF0D}.Debug|x86.ActiveCfg = Debug|Win32
		{623EB8C1-F7BE-47CD-B201-AE074AC7FF0D}.Debug|x86.Build.0 = Debug|Win32
		{623EB8C1-F7BE-47CD-B201-AE074AC7FF0D}.Release|x64.ActiveCfg = Release|x64
		{623EB8C1-F7BE-47CD-B201-AE074AC7FF0D}.Release|x64.Build.0 = Release|x64
		{623EB8C1-F7BE-47CD-B201-AE074AC7FF0D}.Release|x86.ActiveCfg = Release|Win32
		{623EB8C1-F7BE-47CD-B201-AE074AC7FF0D}.Release|x86.Build.0 = Release|Win32
	EndGlobalSection
	GlobalSection(SolutionProperties) = preSolution
		HideSolutionNode = FALSE
	EndGlobalSection
	GlobalSection(ExtensibilityGlobals) = postSolution
		SolutionGuid = {71D56566-BEB0-46BB-A325-2D95A64CF01E}
	EndGlobalSection
EndGlobal
